// !$*UTF8*$!
{
	archiveVersion = 1;
	classes = {
	};
	objectVersion = 48;
	objects = {

/* Begin PBXBuildFile section */
		5F2F2B6D2043B42500CAF021 /* Message.swift in Sources */ = {isa = PBXBuildFile; fileRef = 5F2F2B6C2043B42500CAF021 /* Message.swift */; };
		5F69859320436F8E00DF59CD /* Constants.swift in Sources */ = {isa = PBXBuildFile; fileRef = 5F69859220436F8E00DF59CD /* Constants.swift */; };
		5F69859520437DBC00DF59CD /* CollectionViewController.swift in Sources */ = {isa = PBXBuildFile; fileRef = 5F69859420437DBC00DF59CD /* CollectionViewController.swift */; };
		5F6985972043B26500DF59CD /* CollectionNewCell.swift in Sources */ = {isa = PBXBuildFile; fileRef = 5F6985962043B26500DF59CD /* CollectionNewCell.swift */; };
		5FAD9019203BC57C0009FC70 /* AppDelegate.swift in Sources */ = {isa = PBXBuildFile; fileRef = 5FAD9018203BC57C0009FC70 /* AppDelegate.swift */; };
		5FAD901B203BC57C0009FC70 /* ViewController.swift in Sources */ = {isa = PBXBuildFile; fileRef = 5FAD901A203BC57C0009FC70 /* ViewController.swift */; };
		5FAD901E203BC57C0009FC70 /* Main.storyboard in Resources */ = {isa = PBXBuildFile; fileRef = 5FAD901C203BC57C0009FC70 /* Main.storyboard */; };
		5FAD9020203BC57C0009FC70 /* Assets.xcassets in Resources */ = {isa = PBXBuildFile; fileRef = 5FAD901F203BC57C0009FC70 /* Assets.xcassets */; };
		5FAD9023203BC57C0009FC70 /* LaunchScreen.storyboard in Resources */ = {isa = PBXBuildFile; fileRef = 5FAD9021203BC57C0009FC70 /* LaunchScreen.storyboard */; };
		5FAD902D203BC7EB0009FC70 /* LoginViewController.swift in Sources */ = {isa = PBXBuildFile; fileRef = 5FAD902C203BC7EB0009FC70 /* LoginViewController.swift */; };
		5FD422F2204CCA1000FF9C89 /* Switcher.swift in Sources */ = {isa = PBXBuildFile; fileRef = 5FD422F1204CCA1000FF9C89 /* Switcher.swift */; };
		BA7E6D7483046FD7F977D2AE /* Pods_Text_Based_Task_Keeper_2.framework in Frameworks */ = {isa = PBXBuildFile; fileRef = 251C685759787451CCABBCF0 /* Pods_Text_Based_Task_Keeper_2.framework */; };
/* End PBXBuildFile section */

/* Begin PBXFileReference section */
		13C22AC98B9187363C6A98CD /* Pods-Text-Based-Task-Keeper-2.debug.xcconfig */ = {isa = PBXFileReference; includeInIndex = 1; lastKnownFileType = text.xcconfig; name = "Pods-Text-Based-Task-Keeper-2.debug.xcconfig"; path = "Pods/Target Support Files/Pods-Text-Based-Task-Keeper-2/Pods-Text-Based-Task-Keeper-2.debug.xcconfig"; sourceTree = "<group>"; };
		251C685759787451CCABBCF0 /* Pods_Text_Based_Task_Keeper_2.framework */ = {isa = PBXFileReference; explicitFileType = wrapper.framework; includeInIndex = 0; path = Pods_Text_Based_Task_Keeper_2.framework; sourceTree = BUILT_PRODUCTS_DIR; };
		5F2F2B6C2043B42500CAF021 /* Message.swift */ = {isa = PBXFileReference; lastKnownFileType = sourcecode.swift; path = Message.swift; sourceTree = "<group>"; };
		5F69859220436F8E00DF59CD /* Constants.swift */ = {isa = PBXFileReference; lastKnownFileType = sourcecode.swift; path = Constants.swift; sourceTree = "<group>"; };
		5F69859420437DBC00DF59CD /* CollectionViewController.swift */ = {isa = PBXFileReference; lastKnownFileType = sourcecode.swift; path = CollectionViewController.swift; sourceTree = "<group>"; };
		5F6985962043B26500DF59CD /* CollectionNewCell.swift */ = {isa = PBXFileReference; lastKnownFileType = sourcecode.swift; path = CollectionNewCell.swift; sourceTree = "<group>"; };
		5FAD9015203BC57C0009FC70 /* Text-Based-Task-Keeper-2.app */ = {isa = PBXFileReference; explicitFileType = wrapper.application; includeInIndex = 0; path = "Text-Based-Task-Keeper-2.app"; sourceTree = BUILT_PRODUCTS_DIR; };
		5FAD9018203BC57C0009FC70 /* AppDelegate.swift */ = {isa = PBXFileReference; lastKnownFileType = sourcecode.swift; path = AppDelegate.swift; sourceTree = "<group>"; };
		5FAD901A203BC57C0009FC70 /* ViewController.swift */ = {isa = PBXFileReference; lastKnownFileType = sourcecode.swift; path = ViewController.swift; sourceTree = "<group>"; };
		5FAD901D203BC57C0009FC70 /* Base */ = {isa = PBXFileReference; lastKnownFileType = file.storyboard; name = Base; path = Base.lproj/Main.storyboard; sourceTree = "<group>"; };
		5FAD901F203BC57C0009FC70 /* Assets.xcassets */ = {isa = PBXFileReference; lastKnownFileType = folder.assetcatalog; path = Assets.xcassets; sourceTree = "<group>"; };
		5FAD9022203BC57C0009FC70 /* Base */ = {isa = PBXFileReference; lastKnownFileType = file.storyboard; name = Base; path = Base.lproj/LaunchScreen.storyboard; sourceTree = "<group>"; };
		5FAD9024203BC57C0009FC70 /* Info.plist */ = {isa = PBXFileReference; lastKnownFileType = text.plist.xml; path = Info.plist; sourceTree = "<group>"; };
		5FAD902C203BC7EB0009FC70 /* LoginViewController.swift */ = {isa = PBXFileReference; lastKnownFileType = sourcecode.swift; path = LoginViewController.swift; sourceTree = "<group>"; };
		5FD422F1204CCA1000FF9C89 /* Switcher.swift */ = {isa = PBXFileReference; lastKnownFileType = sourcecode.swift; path = Switcher.swift; sourceTree = "<group>"; };
		C1C98D7E752144FE1B9038CB /* Pods-Text-Based-Task-Keeper-2.release.xcconfig */ = {isa = PBXFileReference; includeInIndex = 1; lastKnownFileType = text.xcconfig; name = "Pods-Text-Based-Task-Keeper-2.release.xcconfig"; path = "Pods/Target Support Files/Pods-Text-Based-Task-Keeper-2/Pods-Text-Based-Task-Keeper-2.release.xcconfig"; sourceTree = "<group>"; };
/* End PBXFileReference section */

/* Begin PBXFrameworksBuildPhase section */
		5FAD9012203BC57C0009FC70 /* Frameworks */ = {
			isa = PBXFrameworksBuildPhase;
			buildActionMask = 2147483647;
			files = (
				BA7E6D7483046FD7F977D2AE /* Pods_Text_Based_Task_Keeper_2.framework in Frameworks */,
			);
			runOnlyForDeploymentPostprocessing = 0;
		};
/* End PBXFrameworksBuildPhase section */

/* Begin PBXGroup section */
		31288C0576276BFC0CC650F1 /* Frameworks */ = {
			isa = PBXGroup;
			children = (
				251C685759787451CCABBCF0 /* Pods_Text_Based_Task_Keeper_2.framework */,
			);
			name = Frameworks;
			sourceTree = "<group>";
		};
		5F69858F20436EF800DF59CD /* Models */ = {
			isa = PBXGroup;
			children = (
				5F6985962043B26500DF59CD /* CollectionNewCell.swift */,
				5F2F2B6C2043B42500CAF021 /* Message.swift */,
			);
			path = Models;
			sourceTree = "<group>";
		};
		5F69859020436F0800DF59CD /* Helpers */ = {
			isa = PBXGroup;
			children = (
				5FD422F1204CCA1000FF9C89 /* Switcher.swift */,
			);
			path = Helpers;
			sourceTree = "<group>";
		};
		5F69859120436F7E00DF59CD /* Supporting */ = {
			isa = PBXGroup;
			children = (
				5FAD9024203BC57C0009FC70 /* Info.plist */,
				5F69859220436F8E00DF59CD /* Constants.swift */,
			);
			path = Supporting;
			sourceTree = "<group>";
		};
		5FAD900C203BC57B0009FC70 = {
			isa = PBXGroup;
			children = (
				5FAD9017203BC57C0009FC70 /* Text-Based-Task-Keeper-2 */,
				5FAD9016203BC57C0009FC70 /* Products */,
				D549C8073A612C66E1072CCB /* Pods */,
				31288C0576276BFC0CC650F1 /* Frameworks */,
			);
			sourceTree = "<group>";
		};
		5FAD9016203BC57C0009FC70 /* Products */ = {
			isa = PBXGroup;
			children = (
				5FAD9015203BC57C0009FC70 /* Text-Based-Task-Keeper-2.app */,
			);
			name = Products;
			sourceTree = "<group>";
		};
		5FAD9017203BC57C0009FC70 /* Text-Based-Task-Keeper-2 */ = {
			isa = PBXGroup;
			children = (
				5F69859120436F7E00DF59CD /* Supporting */,
				5F69859020436F0800DF59CD /* Helpers */,
				5F69858F20436EF800DF59CD /* Models */,
				5FAD902B203BC7D20009FC70 /* Controller */,
				5FAD902A203BC6800009FC70 /* Storyboard */,
				5FAD9018203BC57C0009FC70 /* AppDelegate.swift */,
				5FAD901F203BC57C0009FC70 /* Assets.xcassets */,
			);
			path = "Text-Based-Task-Keeper-2";
			sourceTree = "<group>";
		};
		5FAD902A203BC6800009FC70 /* Storyboard */ = {
			isa = PBXGroup;
			children = (
				5FAD901C203BC57C0009FC70 /* Main.storyboard */,
				5FAD9021203BC57C0009FC70 /* LaunchScreen.storyboard */,
			);
			path = Storyboard;
			sourceTree = "<group>";
		};
		5FAD902B203BC7D20009FC70 /* Controller */ = {
			isa = PBXGroup;
			children = (
				5FAD901A203BC57C0009FC70 /* ViewController.swift */,
				5FAD902C203BC7EB0009FC70 /* LoginViewController.swift */,
				5F69859420437DBC00DF59CD /* CollectionViewController.swift */,
			);
			path = Controller;
			sourceTree = "<group>";
		};
		D549C8073A612C66E1072CCB /* Pods */ = {
			isa = PBXGroup;
			children = (
				13C22AC98B9187363C6A98CD /* Pods-Text-Based-Task-Keeper-2.debug.xcconfig */,
				C1C98D7E752144FE1B9038CB /* Pods-Text-Based-Task-Keeper-2.release.xcconfig */,
			);
			name = Pods;
			sourceTree = "<group>";
		};
/* End PBXGroup section */

/* Begin PBXNativeTarget section */
		5FAD9014203BC57C0009FC70 /* Text-Based-Task-Keeper-2 */ = {
			isa = PBXNativeTarget;
			buildConfigurationList = 5FAD9027203BC57C0009FC70 /* Build configuration list for PBXNativeTarget "Text-Based-Task-Keeper-2" */;
			buildPhases = (
				C6259607F7CD91F220F07DCE /* [CP] Check Pods Manifest.lock */,
				5FAD9011203BC57C0009FC70 /* Sources */,
				5FAD9012203BC57C0009FC70 /* Frameworks */,
				5FAD9013203BC57C0009FC70 /* Resources */,
				966C76CFAC126A82F95175DB /* [CP] Embed Pods Frameworks */,
				D992A069961C1FBD257D04E4 /* [CP] Copy Pods Resources */,
			);
			buildRules = (
			);
			dependencies = (
			);
			name = "Text-Based-Task-Keeper-2";
			productName = "Text-Based-Task-Keeper-2";
			productReference = 5FAD9015203BC57C0009FC70 /* Text-Based-Task-Keeper-2.app */;
			productType = "com.apple.product-type.application";
		};
/* End PBXNativeTarget section */

/* Begin PBXProject section */
		5FAD900D203BC57B0009FC70 /* Project object */ = {
			isa = PBXProject;
			attributes = {
				LastSwiftUpdateCheck = 0920;
				LastUpgradeCheck = 0920;
				ORGANIZATIONNAME = "Miki Nomura";
				TargetAttributes = {
					5FAD9014203BC57C0009FC70 = {
						CreatedOnToolsVersion = 9.2;
						ProvisioningStyle = Automatic;
					};
				};
			};
			buildConfigurationList = 5FAD9010203BC57B0009FC70 /* Build configuration list for PBXProject "Text-Based-Task-Keeper-2" */;
			compatibilityVersion = "Xcode 8.0";
			developmentRegion = en;
			hasScannedForEncodings = 0;
			knownRegions = (
				en,
				Base,
			);
			mainGroup = 5FAD900C203BC57B0009FC70;
			productRefGroup = 5FAD9016203BC57C0009FC70 /* Products */;
			projectDirPath = "";
			projectRoot = "";
			targets = (
				5FAD9014203BC57C0009FC70 /* Text-Based-Task-Keeper-2 */,
			);
		};
/* End PBXProject section */

/* Begin PBXResourcesBuildPhase section */
		5FAD9013203BC57C0009FC70 /* Resources */ = {
			isa = PBXResourcesBuildPhase;
			buildActionMask = 2147483647;
			files = (
				5FAD9023203BC57C0009FC70 /* LaunchScreen.storyboard in Resources */,
				5FAD9020203BC57C0009FC70 /* Assets.xcassets in Resources */,
				5FAD901E203BC57C0009FC70 /* Main.storyboard in Resources */,
			);
			runOnlyForDeploymentPostprocessing = 0;
		};
/* End PBXResourcesBuildPhase section */

/* Begin PBXShellScriptBuildPhase section */
		966C76CFAC126A82F95175DB /* [CP] Embed Pods Frameworks */ = {
			isa = PBXShellScriptBuildPhase;
			buildActionMask = 2147483647;
			files = (
			);
			inputPaths = (
				"${SRCROOT}/Pods/Target Support Files/Pods-Text-Based-Task-Keeper-2/Pods-Text-Based-Task-Keeper-2-frameworks.sh",
				"${BUILT_PRODUCTS_DIR}/AFNetworking/AFNetworking.framework",
				"${BUILT_PRODUCTS_DIR}/Alamofire/Alamofire.framework",
			);
			name = "[CP] Embed Pods Frameworks";
			outputPaths = (
				"${TARGET_BUILD_DIR}/${FRAMEWORKS_FOLDER_PATH}/AFNetworking.framework",
				"${TARGET_BUILD_DIR}/${FRAMEWORKS_FOLDER_PATH}/Alamofire.framework",
			);
			runOnlyForDeploymentPostprocessing = 0;
			shellPath = /bin/sh;
			shellScript = "\"${SRCROOT}/Pods/Target Support Files/Pods-Text-Based-Task-Keeper-2/Pods-Text-Based-Task-Keeper-2-frameworks.sh\"\n";
			showEnvVarsInLog = 0;
		};
		C6259607F7CD91F220F07DCE /* [CP] Check Pods Manifest.lock */ = {
			isa = PBXShellScriptBuildPhase;
			buildActionMask = 2147483647;
			files = (
			);
			inputPaths = (
				"${PODS_PODFILE_DIR_PATH}/Podfile.lock",
				"${PODS_ROOT}/Manifest.lock",
			);
			name = "[CP] Check Pods Manifest.lock";
			outputPaths = (
				"$(DERIVED_FILE_DIR)/Pods-Text-Based-Task-Keeper-2-checkManifestLockResult.txt",
			);
			runOnlyForDeploymentPostprocessing = 0;
			shellPath = /bin/sh;
			shellScript = "diff \"${PODS_PODFILE_DIR_PATH}/Podfile.lock\" \"${PODS_ROOT}/Manifest.lock\" > /dev/null\nif [ $? != 0 ] ; then\n    # print error to STDERR\n    echo \"error: The sandbox is not in sync with the Podfile.lock. Run 'pod install' or update your CocoaPods installation.\" >&2\n    exit 1\nfi\n# This output is used by Xcode 'outputs' to avoid re-running this script phase.\necho \"SUCCESS\" > \"${SCRIPT_OUTPUT_FILE_0}\"\n";
			showEnvVarsInLog = 0;
		};
		D992A069961C1FBD257D04E4 /* [CP] Copy Pods Resources */ = {
			isa = PBXShellScriptBuildPhase;
			buildActionMask = 2147483647;
			files = (
			);
			inputPaths = (
			);
			name = "[CP] Copy Pods Resources";
			outputPaths = (
			);
			runOnlyForDeploymentPostprocessing = 0;
			shellPath = /bin/sh;
			shellScript = "\"${SRCROOT}/Pods/Target Support Files/Pods-Text-Based-Task-Keeper-2/Pods-Text-Based-Task-Keeper-2-resources.sh\"\n";
			showEnvVarsInLog = 0;
		};
/* End PBXShellScriptBuildPhase section */

/* Begin PBXSourcesBuildPhase section */
		5FAD9011203BC57C0009FC70 /* Sources */ = {
			isa = PBXSourcesBuildPhase;
			buildActionMask = 2147483647;
			files = (
				5FAD902D203BC7EB0009FC70 /* LoginViewController.swift in Sources */,
				5FAD901B203BC57C0009FC70 /* ViewController.swift in Sources */,
				5FD422F2204CCA1000FF9C89 /* Switcher.swift in Sources */,
				5F6985972043B26500DF59CD /* CollectionNewCell.swift in Sources */,
				5FAD9019203BC57C0009FC70 /* AppDelegate.swift in Sources */,
				5F69859320436F8E00DF59CD /* Constants.swift in Sources */,
				5F69859520437DBC00DF59CD /* CollectionViewController.swift in Sources */,
				5F2F2B6D2043B42500CAF021 /* Message.swift in Sources */,
			);
			runOnlyForDeploymentPostprocessing = 0;
		};
/* End PBXSourcesBuildPhase section */

/* Begin PBXVariantGroup section */
		5FAD901C203BC57C0009FC70 /* Main.storyboard */ = {
			isa = PBXVariantGroup;
			children = (
				5FAD901D203BC57C0009FC70 /* Base */,
			);
			name = Main.storyboard;
			sourceTree = "<group>";
		};
		5FAD9021203BC57C0009FC70 /* LaunchScreen.storyboard */ = {
			isa = PBXVariantGroup;
			children = (
				5FAD9022203BC57C0009FC70 /* Base */,
			);
			name = LaunchScreen.storyboard;
			sourceTree = "<group>";
		};
/* End PBXVariantGroup section */

/* Begin XCBuildConfiguration section */
		5FAD9025203BC57C0009FC70 /* Debug */ = {
			isa = XCBuildConfiguration;
			buildSettings = {
				ALWAYS_SEARCH_USER_PATHS = NO;
				CLANG_ANALYZER_NONNULL = YES;
				CLANG_ANALYZER_NUMBER_OBJECT_CONVERSION = YES_AGGRESSIVE;
				CLANG_CXX_LANGUAGE_STANDARD = "gnu++14";
				CLANG_CXX_LIBRARY = "libc++";
				CLANG_ENABLE_MODULES = YES;
				CLANG_ENABLE_OBJC_ARC = YES;
				CLANG_WARN_BLOCK_CAPTURE_AUTORELEASING = YES;
				CLANG_WARN_BOOL_CONVERSION = YES;
				CLANG_WARN_COMMA = YES;
				CLANG_WARN_CONSTANT_CONVERSION = YES;
				CLANG_WARN_DIRECT_OBJC_ISA_USAGE = YES_ERROR;
				CLANG_WARN_DOCUMENTATION_COMMENTS = YES;
				CLANG_WARN_EMPTY_BODY = YES;
				CLANG_WARN_ENUM_CONVERSION = YES;
				CLANG_WARN_INFINITE_RECURSION = YES;
				CLANG_WARN_INT_CONVERSION = YES;
				CLANG_WARN_NON_LITERAL_NULL_CONVERSION = YES;
				CLANG_WARN_OBJC_LITERAL_CONVERSION = YES;
				CLANG_WARN_OBJC_ROOT_CLASS = YES_ERROR;
				CLANG_WARN_RANGE_LOOP_ANALYSIS = YES;
				CLANG_WARN_STRICT_PROTOTYPES = YES;
				CLANG_WARN_SUSPICIOUS_MOVE = YES;
				CLANG_WARN_UNGUARDED_AVAILABILITY = YES_AGGRESSIVE;
				CLANG_WARN_UNREACHABLE_CODE = YES;
				CLANG_WARN__DUPLICATE_METHOD_MATCH = YES;
				CODE_SIGN_IDENTITY = "iPhone Developer";
				COPY_PHASE_STRIP = NO;
				DEBUG_INFORMATION_FORMAT = dwarf;
				ENABLE_STRICT_OBJC_MSGSEND = YES;
				ENABLE_TESTABILITY = YES;
				GCC_C_LANGUAGE_STANDARD = gnu11;
				GCC_DYNAMIC_NO_PIC = NO;
				GCC_NO_COMMON_BLOCKS = YES;
				GCC_OPTIMIZATION_LEVEL = 0;
				GCC_PREPROCESSOR_DEFINITIONS = (
					"DEBUG=1",
					"$(inherited)",
				);
				GCC_WARN_64_TO_32_BIT_CONVERSION = YES;
				GCC_WARN_ABOUT_RETURN_TYPE = YES_ERROR;
				GCC_WARN_UNDECLARED_SELECTOR = YES;
				GCC_WARN_UNINITIALIZED_AUTOS = YES_AGGRESSIVE;
				GCC_WARN_UNUSED_FUNCTION = YES;
				GCC_WARN_UNUSED_VARIABLE = YES;
				IPHONEOS_DEPLOYMENT_TARGET = 11.2;
				MTL_ENABLE_DEBUG_INFO = YES;
				ONLY_ACTIVE_ARCH = YES;
				SDKROOT = iphoneos;
				SWIFT_ACTIVE_COMPILATION_CONDITIONS = DEBUG;
				SWIFT_OPTIMIZATION_LEVEL = "-Onone";
			};
			name = Debug;
		};
		5FAD9026203BC57C0009FC70 /* Release */ = {
			isa = XCBuildConfiguration;
			buildSettings = {
				ALWAYS_SEARCH_USER_PATHS = NO;
				CLANG_ANALYZER_NONNULL = YES;
				CLANG_ANALYZER_NUMBER_OBJECT_CONVERSION = YES_AGGRESSIVE;
				CLANG_CXX_LANGUAGE_STANDARD = "gnu++14";
				CLANG_CXX_LIBRARY = "libc++";
				CLANG_ENABLE_MODULES = YES;
				CLANG_ENABLE_OBJC_ARC = YES;
				CLANG_WARN_BLOCK_CAPTURE_AUTORELEASING = YES;
				CLANG_WARN_BOOL_CONVERSION = YES;
				CLANG_WARN_COMMA = YES;
				CLANG_WARN_CONSTANT_CONVERSION = YES;
				CLANG_WARN_DIRECT_OBJC_ISA_USAGE = YES_ERROR;
				CLANG_WARN_DOCUMENTATION_COMMENTS = YES;
				CLANG_WARN_EMPTY_BODY = YES;
				CLANG_WARN_ENUM_CONVERSION = YES;
				CLANG_WARN_INFINITE_RECURSION = YES;
				CLANG_WARN_INT_CONVERSION = YES;
				CLANG_WARN_NON_LITERAL_NULL_CONVERSION = YES;
				CLANG_WARN_OBJC_LITERAL_CONVERSION = YES;
				CLANG_WARN_OBJC_ROOT_CLASS = YES_ERROR;
				CLANG_WARN_RANGE_LOOP_ANALYSIS = YES;
				CLANG_WARN_STRICT_PROTOTYPES = YES;
				CLANG_WARN_SUSPICIOUS_MOVE = YES;
				CLANG_WARN_UNGUARDED_AVAILABILITY = YES_AGGRESSIVE;
				CLANG_WARN_UNREACHABLE_CODE = YES;
				CLANG_WARN__DUPLICATE_METHOD_MATCH = YES;
				CODE_SIGN_IDENTITY = "iPhone Developer";
				COPY_PHASE_STRIP = NO;
				DEBUG_INFORMATION_FORMAT = "dwarf-with-dsym";
				ENABLE_NS_ASSERTIONS = NO;
				ENABLE_STRICT_OBJC_MSGSEND = YES;
				GCC_C_LANGUAGE_STANDARD = gnu11;
				GCC_NO_COMMON_BLOCKS = YES;
				GCC_WARN_64_TO_32_BIT_CONVERSION = YES;
				GCC_WARN_ABOUT_RETURN_TYPE = YES_ERROR;
				GCC_WARN_UNDECLARED_SELECTOR = YES;
				GCC_WARN_UNINITIALIZED_AUTOS = YES_AGGRESSIVE;
				GCC_WARN_UNUSED_FUNCTION = YES;
				GCC_WARN_UNUSED_VARIABLE = YES;
				IPHONEOS_DEPLOYMENT_TARGET = 11.2;
				MTL_ENABLE_DEBUG_INFO = NO;
				SDKROOT = iphoneos;
				SWIFT_OPTIMIZATION_LEVEL = "-Owholemodule";
				VALIDATE_PRODUCT = YES;
			};
			name = Release;
		};
		5FAD9028203BC57C0009FC70 /* Debug */ = {
			isa = XCBuildConfiguration;
			baseConfigurationReference = 13C22AC98B9187363C6A98CD /* Pods-Text-Based-Task-Keeper-2.debug.xcconfig */;
			buildSettings = {
				ASSETCATALOG_COMPILER_APPICON_NAME = AppIcon;
				CODE_SIGN_STYLE = Automatic;
				DEVELOPMENT_TEAM = QV974Z4665;
				INFOPLIST_FILE = "$(SRCROOT)/Text-Based-Task-Keeper-2/Supporting/Info.plist";
				LD_RUNPATH_SEARCH_PATHS = "$(inherited) @executable_path/Frameworks";
				PRODUCT_BUNDLE_IDENTIFIER = "tokyo.fyi.Text-Based-Task-Keeper-2";
				PRODUCT_NAME = "$(TARGET_NAME)";
				SWIFT_VERSION = 4.0;
				TARGETED_DEVICE_FAMILY = "1,2";
			};
			name = Debug;
		};
		5FAD9029203BC57C0009FC70 /* Release */ = {
			isa = XCBuildConfiguration;
			baseConfigurationReference = C1C98D7E752144FE1B9038CB /* Pods-Text-Based-Task-Keeper-2.release.xcconfig */;
			buildSettings = {
				ASSETCATALOG_COMPILER_APPICON_NAME = AppIcon;
				CODE_SIGN_STYLE = Automatic;
				DEVELOPMENT_TEAM = QV974Z4665;
				INFOPLIST_FILE = "$(SRCROOT)/Text-Based-Task-Keeper-2/Supporting/Info.plist";
				LD_RUNPATH_SEARCH_PATHS = "$(inherited) @executable_path/Frameworks";
				PRODUCT_BUNDLE_IDENTIFIER = "tokyo.fyi.Text-Based-Task-Keeper-2";
				PRODUCT_NAME = "$(TARGET_NAME)";
				SWIFT_VERSION = 4.0;
				TARGETED_DEVICE_FAMILY = "1,2";
			};
			name = Release;
		};
/* End XCBuildConfiguration section */

/* Begin XCConfigurationList section */
		5FAD9010203BC57B0009FC70 /* Build configuration list for PBXProject "Text-Based-Task-Keeper-2" */ = {
			isa = XCConfigurationList;
			buildConfigurations = (
				5FAD9025203BC57C0009FC70 /* Debug */,
				5FAD9026203BC57C0009FC70 /* Release */,
			);
			defaultConfigurationIsVisible = 0;
			defaultConfigurationName = Release;
		};
		5FAD9027203BC57C0009FC70 /* Build configuration list for PBXNativeTarget "Text-Based-Task-Keeper-2" */ = {
			isa = XCConfigurationList;
			buildConfigurations = (
				5FAD9028203BC57C0009FC70 /* Debug */,
				5FAD9029203BC57C0009FC70 /* Release */,
			);
			defaultConfigurationIsVisible = 0;
			defaultConfigurationName = Release;
		};
/* End XCConfigurationList section */
	};
	rootObject = 5FAD900D203BC57B0009FC70 /* Project object */;
}
